
Microsoft Visual Studio Solution File, Format Version 12.00
# Visual Studio 15
Project("{FAE04EC0-301F-11D3-BF4B-00C04F79EFBC}") = "Assembly-CSharp", "Assembly-CSharp.csproj", "{4568E03C-AB35-8959-B5F1-41A13886DFF1}"
EndProject
Project("{FAE04EC0-301F-11D3-BF4B-00C04F79EFBC}") = "Assembly-CSharp-firstpass", "Assembly-CSharp-firstpass.csproj", "{7970BC96-403F-8FCF-85DA-8E1512F00D93}"
EndProject
Project("{FAE04EC0-301F-11D3-BF4B-00C04F79EFBC}") = "Assembly-CSharp-Editor", "Assembly-CSharp-Editor.csproj", "{CAE963F9-DA4E-6148-BCB3-15C44E0880CB}"
EndProject
Global
	GlobalSection(SolutionConfigurationPlatforms) = preSolution
		Debug|Any CPU = Debug|Any CPU
		Release|Any CPU = Release|Any CPU
	EndGlobalSection
	GlobalSection(ProjectConfigurationPlatforms) = postSolution
		{4568E03C-AB35-8959-B5F1-41A13886DFF1}.Debug|Any CPU.ActiveCfg = Debug|Any CPU
		{4568E03C-AB35-8959-B5F1-41A13886DFF1}.Debug|Any CPU.Build.0 = Debug|Any CPU
		{4568E03C-AB35-8959-B5F1-41A13886DFF1}.Release|Any CPU.ActiveCfg = Release|Any CPU
		{4568E03C-AB35-8959-B5F1-41A13886DFF1}.Release|Any CPU.Build.0 = Release|Any CPU
		{7970BC96-403F-8FCF-85DA-8E1512F00D93}.Debug|Any CPU.ActiveCfg = Debug|Any CPU
		{7970BC96-403F-8FCF-85DA-8E1512F00D93}.Debug|Any CPU.Build.0 = Debug|Any CPU
		{7970BC96-403F-8FCF-85DA-8E1512F00D93}.Release|Any CPU.ActiveCfg = Release|Any CPU
		{7970BC96-403F-8FCF-85DA-8E1512F00D93}.Release|Any CPU.Build.0 = Release|Any CPU
		{CAE963F9-DA4E-6148-BCB3-15C44E0880CB}.Debug|Any CPU.ActiveCfg = Debug|Any CPU
		{CAE963F9-DA4E-6148-BCB3-15C44E0880CB}.Debug|Any CPU.Build.0 = Debug|Any CPU
		{CAE963F9-DA4E-6148-BCB3-15C44E0880CB}.Release|Any CPU.ActiveCfg = Release|Any CPU
		{CAE963F9-DA4E-6148-BCB3-15C44E0880CB}.Release|Any CPU.Build.0 = Release|Any CPU
	EndGlobalSection
	GlobalSection(SolutionProperties) = preSolution
		HideSolutionNode = FALSE
	EndGlobalSection
EndGlobal
